
Microsoft Visual Studio Solution File, Format Version 12.00
# Visual Studio Version 16
VisualStudioVersion = 16.0.31613.86
MinimumVisualStudioVersion = 10.0.40219.1
Project("{FAE04EC0-301F-11D3-BF4B-00C04F79EFBC}") = "Electrodomesticos", "Electrodomesticos.csproj", "{D124BE3E-38B4-44E4-A8F9-6F74B6FED65D}"
EndProject
Global
	GlobalSection(SolutionConfigurationPlatforms) = preSolution
		Debug|Any CPU = Debug|Any CPU
		Release|Any CPU = Release|Any CPU
	EndGlobalSection
	GlobalSection(ProjectConfigurationPlatforms) = postSolution
		{D124BE3E-38B4-44E4-A8F9-6F74B6FED65D}.Debug|Any CPU.ActiveCfg = Debug|Any CPU
		{D124BE3E-38B4-44E4-A8F9-6F74B6FED65D}.Debug|Any CPU.Build.0 = Debug|Any CPU
		{D124BE3E-38B4-44E4-A8F9-6F74B6FED65D}.Release|Any CPU.ActiveCfg = Release|Any CPU
		{D124BE3E-38B4-44E4-A8F9-6F74B6FED65D}.Release|Any CPU.Build.0 = Release|Any CPU
	EndGlobalSection
	GlobalSection(SolutionProperties) = preSolution
		HideSolutionNode = FALSE
	EndGlobalSection
	GlobalSection(ExtensibilityGlobals) = postSolution
		SolutionGuid = {5B23B765-8462-4E62-AC4D-1CE8324AF961}
	EndGlobalSection
EndGlobal
